
Microsoft Visual Studio Solution File, Format Version 12.00
# Visual Studio Version 17
VisualStudioVersion = 17.2.32630.192
MinimumVisualStudioVersion = 10.0.40219.1
Project("{FAE04EC0-301F-11D3-BF4B-00C04F79EFBC}") = "adi-web-app", "adi-web-app\adi-web-app.csproj", "{65D396D7-5BC9-4C1A-9D6E-FAB2F474B30A}"
EndProject
Global
	GlobalSection(SolutionConfigurationPlatforms) = preSolution
		Debug|Any CPU = Debug|Any CPU
		Release|Any CPU = Release|Any CPU
	EndGlobalSection
	GlobalSection(ProjectConfigurationPlatforms) = postSolution
		{65D396D7-5BC9-4C1A-9D6E-FAB2F474B30A}.Debug|Any CPU.ActiveCfg = Debug|Any CPU
		{65D396D7-5BC9-4C1A-9D6E-FAB2F474B30A}.Debug|Any CPU.Build.0 = Debug|Any CPU
		{65D396D7-5BC9-4C1A-9D6E-FAB2F474B30A}.Release|Any CPU.ActiveCfg = Release|Any CPU
		{65D396D7-5BC9-4C1A-9D6E-FAB2F474B30A}.Release|Any CPU.Build.0 = Release|Any CPU
	EndGlobalSection
	GlobalSection(SolutionProperties) = preSolution
		HideSolutionNode = FALSE
	EndGlobalSection
	GlobalSection(ExtensibilityGlobals) = postSolution
		SolutionGuid = {BDBEB744-A0A8-4948-BBD4-477CC4EE668E}
	EndGlobalSection
EndGlobal
